
Microsoft Visual Studio Solution File, Format Version 12.00
# Visual Studio 15
Project("{FAE04EC0-301F-11D3-BF4B-00C04F79EFBC}") = "Assembly-CSharp", "Assembly-CSharp.csproj", "{71E6D06F-7DCD-C2C9-5642-DECD74C6D4BB}"
EndProject
Project("{FAE04EC0-301F-11D3-BF4B-00C04F79EFBC}") = "Assembly-CSharp-Editor", "Assembly-CSharp-Editor.csproj", "{DCAB699B-C48D-C355-E9D2-71D83228F760}"
EndProject
Global
	GlobalSection(SolutionConfigurationPlatforms) = preSolution
		Debug|Any CPU = Debug|Any CPU
		Release|Any CPU = Release|Any CPU
	EndGlobalSection
	GlobalSection(ProjectConfigurationPlatforms) = postSolution
		{71E6D06F-7DCD-C2C9-5642-DECD74C6D4BB}.Debug|Any CPU.ActiveCfg = Debug|Any CPU
		{71E6D06F-7DCD-C2C9-5642-DECD74C6D4BB}.Debug|Any CPU.Build.0 = Debug|Any CPU
		{71E6D06F-7DCD-C2C9-5642-DECD74C6D4BB}.Release|Any CPU.ActiveCfg = Release|Any CPU
		{71E6D06F-7DCD-C2C9-5642-DECD74C6D4BB}.Release|Any CPU.Build.0 = Release|Any CPU
		{DCAB699B-C48D-C355-E9D2-71D83228F760}.Debug|Any CPU.ActiveCfg = Debug|Any CPU
		{DCAB699B-C48D-C355-E9D2-71D83228F760}.Debug|Any CPU.Build.0 = Debug|Any CPU
		{DCAB699B-C48D-C355-E9D2-71D83228F760}.Release|Any CPU.ActiveCfg = Release|Any CPU
		{DCAB699B-C48D-C355-E9D2-71D83228F760}.Release|Any CPU.Build.0 = Release|Any CPU
	EndGlobalSection
	GlobalSection(SolutionProperties) = preSolution
		HideSolutionNode = FALSE
	EndGlobalSection
EndGlobal
